
Microsoft Visual Studio Solution File, Format Version 12.00
# Visual Studio 2013
VisualStudioVersion = 12.0.31010.0
MinimumVisualStudioVersion = 10.0.40219.1
Project("{FAE04EC0-301F-11D3-BF4B-00C04F79EFBC}") = "TKC_WebApp", "TKC_WebApp\TKC_WebApp.csproj", "{6C959AEC-A496-4313-A53E-2995FFFB362C}"
EndProject
Project("{FAE04EC0-301F-11D3-BF4B-00C04F79EFBC}") = "iclickpro.AccessCommon", "iclickpro.AccessCommon\iclickpro.AccessCommon.csproj", "{A20ACD35-4D36-405A-830C-28954020ACC5}"
EndProject
Project("{FAE04EC0-301F-11D3-BF4B-00C04F79EFBC}") = "iclickpro.Model", "iclickpro.Model\iclickpro.Model.csproj", "{BD385894-FDD1-4F03-8EBF-823C3A2728F4}"
EndProject
Project("{FAE04EC0-301F-11D3-BF4B-00C04F79EFBC}") = "iclickpro.BusinessLayer", "iclickpro.BusinessLayer\iclickpro.BusinessLayer.csproj", "{7145AD33-5B7F-4096-BDD7-FAFA857A99C7}"
EndProject
Project("{FAE04EC0-301F-11D3-BF4B-00C04F79EFBC}") = "TKC_Silverlight", "TKC_Silverlight\TKC_Silverlight.csproj", "{C43504D4-9391-4719-BFA3-0F65738ADD56}"
	ProjectSection(ProjectDependencies) = postProject
		{6C959AEC-A496-4313-A53E-2995FFFB362C} = {6C959AEC-A496-4313-A53E-2995FFFB362C}
	EndProjectSection
EndProject
Global
	GlobalSection(SolutionConfigurationPlatforms) = preSolution
		Debug|Any CPU = Debug|Any CPU
		Release|Any CPU = Release|Any CPU
	EndGlobalSection
	GlobalSection(ProjectConfigurationPlatforms) = postSolution
		{6C959AEC-A496-4313-A53E-2995FFFB362C}.Debug|Any CPU.ActiveCfg = Debug|Any CPU
		{6C959AEC-A496-4313-A53E-2995FFFB362C}.Debug|Any CPU.Build.0 = Debug|Any CPU
		{6C959AEC-A496-4313-A53E-2995FFFB362C}.Release|Any CPU.ActiveCfg = Release|Any CPU
		{6C959AEC-A496-4313-A53E-2995FFFB362C}.Release|Any CPU.Build.0 = Release|Any CPU
		{A20ACD35-4D36-405A-830C-28954020ACC5}.Debug|Any CPU.ActiveCfg = Debug|Any CPU
		{A20ACD35-4D36-405A-830C-28954020ACC5}.Debug|Any CPU.Build.0 = Debug|Any CPU
		{A20ACD35-4D36-405A-830C-28954020ACC5}.Release|Any CPU.ActiveCfg = Release|Any CPU
		{A20ACD35-4D36-405A-830C-28954020ACC5}.Release|Any CPU.Build.0 = Release|Any CPU
		{BD385894-FDD1-4F03-8EBF-823C3A2728F4}.Debug|Any CPU.ActiveCfg = Debug|Any CPU
		{BD385894-FDD1-4F03-8EBF-823C3A2728F4}.Debug|Any CPU.Build.0 = Debug|Any CPU
		{BD385894-FDD1-4F03-8EBF-823C3A2728F4}.Release|Any CPU.ActiveCfg = Release|Any CPU
		{BD385894-FDD1-4F03-8EBF-823C3A2728F4}.Release|Any CPU.Build.0 = Release|Any CPU
		{7145AD33-5B7F-4096-BDD7-FAFA857A99C7}.Debug|Any CPU.ActiveCfg = Debug|Any CPU
		{7145AD33-5B7F-4096-BDD7-FAFA857A99C7}.Debug|Any CPU.Build.0 = Debug|Any CPU
		{7145AD33-5B7F-4096-BDD7-FAFA857A99C7}.Release|Any CPU.ActiveCfg = Release|Any CPU
		{7145AD33-5B7F-4096-BDD7-FAFA857A99C7}.Release|Any CPU.Build.0 = Release|Any CPU
		{C43504D4-9391-4719-BFA3-0F65738ADD56}.Debug|Any CPU.ActiveCfg = Debug|Any CPU
		{C43504D4-9391-4719-BFA3-0F65738ADD56}.Debug|Any CPU.Build.0 = Debug|Any CPU
		{C43504D4-9391-4719-BFA3-0F65738ADD56}.Release|Any CPU.ActiveCfg = Release|Any CPU
		{C43504D4-9391-4719-BFA3-0F65738ADD56}.Release|Any CPU.Build.0 = Release|Any CPU
	EndGlobalSection
	GlobalSection(SolutionProperties) = preSolution
		HideSolutionNode = FALSE
	EndGlobalSection
EndGlobal
